
Microsoft Visual Studio Solution File, Format Version 12.00
# Visual Studio Version 17
VisualStudioVersion = 17.2.32516.85
MinimumVisualStudioVersion = 10.0.40219.1
Project("{FAE04EC0-301F-11D3-BF4B-00C04F79EFBC}") = "Bank", "Bank\Bank.csproj", "{410A8D5D-11AA-4597-945B-3CFDC143667B}"
EndProject
Global
	GlobalSection(SolutionConfigurationPlatforms) = preSolution
		Debug|Any CPU = Debug|Any CPU
		Release|Any CPU = Release|Any CPU
	EndGlobalSection
	GlobalSection(ProjectConfigurationPlatforms) = postSolution
		{410A8D5D-11AA-4597-945B-3CFDC143667B}.Debug|Any CPU.ActiveCfg = Debug|Any CPU
		{410A8D5D-11AA-4597-945B-3CFDC143667B}.Debug|Any CPU.Build.0 = Debug|Any CPU
		{410A8D5D-11AA-4597-945B-3CFDC143667B}.Release|Any CPU.ActiveCfg = Release|Any CPU
		{410A8D5D-11AA-4597-945B-3CFDC143667B}.Release|Any CPU.Build.0 = Release|Any CPU
	EndGlobalSection
	GlobalSection(SolutionProperties) = preSolution
		HideSolutionNode = FALSE
	EndGlobalSection
	GlobalSection(ExtensibilityGlobals) = postSolution
		SolutionGuid = {90E340F3-95EB-48D3-9F3C-99C151F186E0}
	EndGlobalSection
EndGlobal
